
Microsoft Visual Studio Solution File, Format Version 12.00
# Visual Studio Version 16
VisualStudioVersion = 16.0.30011.22
MinimumVisualStudioVersion = 10.0.40219.1
Project("{FAE04EC0-301F-11D3-BF4B-00C04F79EFBC}") = "Demo", "Demo\Demo.csproj", "{B3373E18-D01B-415C-8715-8A4A5B1FD8BF}"
EndProject
Project("{FAE04EC0-301F-11D3-BF4B-00C04F79EFBC}") = "Bomberman.Api", "Bomberman.Api\Bomberman.Api.csproj", "{C65AD6E2-C328-40FC-8EE8-FA92508E9F0E}"
EndProject
Project("{FAE04EC0-301F-11D3-BF4B-00C04F79EFBC}") = "Bomberman.Logic", "Bomberman.Logic\Bomberman.Logic.csproj", "{10C8AB76-C8E9-48DA-B52A-0363BA31662B}"
EndProject
Global
	GlobalSection(SolutionConfigurationPlatforms) = preSolution
		Debug|Any CPU = Debug|Any CPU
		Release|Any CPU = Release|Any CPU
	EndGlobalSection
	GlobalSection(ProjectConfigurationPlatforms) = postSolution
		{B3373E18-D01B-415C-8715-8A4A5B1FD8BF}.Debug|Any CPU.ActiveCfg = Debug|Any CPU
		{B3373E18-D01B-415C-8715-8A4A5B1FD8BF}.Debug|Any CPU.Build.0 = Debug|Any CPU
		{B3373E18-D01B-415C-8715-8A4A5B1FD8BF}.Release|Any CPU.ActiveCfg = Release|Any CPU
		{B3373E18-D01B-415C-8715-8A4A5B1FD8BF}.Release|Any CPU.Build.0 = Release|Any CPU
		{C65AD6E2-C328-40FC-8EE8-FA92508E9F0E}.Debug|Any CPU.ActiveCfg = Debug|Any CPU
		{C65AD6E2-C328-40FC-8EE8-FA92508E9F0E}.Debug|Any CPU.Build.0 = Debug|Any CPU
		{C65AD6E2-C328-40FC-8EE8-FA92508E9F0E}.Release|Any CPU.ActiveCfg = Release|Any CPU
		{C65AD6E2-C328-40FC-8EE8-FA92508E9F0E}.Release|Any CPU.Build.0 = Release|Any CPU
		{10C8AB76-C8E9-48DA-B52A-0363BA31662B}.Debug|Any CPU.ActiveCfg = Debug|Any CPU
		{10C8AB76-C8E9-48DA-B52A-0363BA31662B}.Debug|Any CPU.Build.0 = Debug|Any CPU
		{10C8AB76-C8E9-48DA-B52A-0363BA31662B}.Release|Any CPU.ActiveCfg = Release|Any CPU
		{10C8AB76-C8E9-48DA-B52A-0363BA31662B}.Release|Any CPU.Build.0 = Release|Any CPU
	EndGlobalSection
	GlobalSection(SolutionProperties) = preSolution
		HideSolutionNode = FALSE
	EndGlobalSection
	GlobalSection(ExtensibilityGlobals) = postSolution
		SolutionGuid = {8DE186C3-6AFE-4423-9BE6-E44B58FF7328}
	EndGlobalSection
EndGlobal
